<?xml version="1.0" encoding="UTF-8" standalone="yes" ?>
<CodeBlocks_project_file>
	<FileVersion major="1" minor="6" />
	<Project>
		<Option title="Graph_ag" />
		<Option pch_mode="2" />
		<Option compiler="gcc" />
		<Build>
			<Target title="Debug">
				<Option output="bin/Debug/Graph_ag" prefix_auto="1" extension_auto="1" />
				<Option object_output="obj/Debug/" />
				<Option type="1" />
				<Option compiler="gcc" />
				<Compiler>
					<Add option="-g" />
					<Add directory="./" />
				</Compiler>
			</Target>
			<Target title="Release">
				<Option output="bin/Release/Graph_ag" prefix_auto="1" extension_auto="1" />
				<Option object_output="obj/Release/" />
				<Option type="1" />
				<Option compiler="gcc" />
				<Compiler>
					<Add option="-O2" />
					<Add directory="./" />
				</Compiler>
				<Linker>
					<Add option="-s" />
				</Linker>
			</Target>
		</Build>
		<Compiler>
			<Add option="-Wall" />
			<Add option="-fexceptions" />
		</Compiler>
		<Unit filename="BFS.cpp" />
		<Unit filename="BFS.h" />
		<Unit filename="DFS.cpp" />
		<Unit filename="DFS.h" />
		<Unit filename="Dijkstra.cpp" />
		<Unit filename="Dijkstra.h" />
		<Unit filename="DisjointSet.h" />
		<Unit filename="Edge.cpp" />
		<Unit filename="Edge.h" />
		<Unit filename="Floyd_Warshall.cpp" />
		<Unit filename="Floyd_Warshall.h" />
		<Unit filename="Graph.cpp" />
		<Unit filename="Graph.h" />
		<Unit filename="MinHeap.cpp" />
		<Unit filename="MinHeap.h" />
		<Unit filename="Prim.cpp" />
		<Unit filename="Prim.h" />
		<Unit filename="Strongly_Related.cpp" />
		<Unit filename="Strongly_Related.h" />
		<Unit filename="TopologicalSort.cpp" />
		<Unit filename="TopologicalSort.h" />
		<Unit filename="Vertex.cpp" />
		<Unit filename="Vertex.h" />
		<Unit filename="kruskal.cpp" />
		<Unit filename="kruskal.h" />
		<Unit filename="main.cpp" />
		<Extensions>
			<envvars />
			<code_completion />
			<debugger />
			<lib_finder disable_auto="1" />
		</Extensions>
	</Project>
</CodeBlocks_project_file>
